
Microsoft Visual Studio Solution File, Format Version 12.00
# Visual Studio 15
VisualStudioVersion = 15.0.27703.2047
MinimumVisualStudioVersion = 10.0.40219.1
Project("{8BC9CEB8-8B4A-11D0-8D11-00A0C91BC942}") = "Grade_Program", "Grade_Program\Grade_Program.vcxproj", "{FBB0277A-A3C9-4980-8B48-CE1284B6BCD5}"
EndProject
Global
	GlobalSection(SolutionConfigurationPlatforms) = preSolution
		Debug|x64 = Debug|x64
		Debug|x86 = Debug|x86
		Release|x64 = Release|x64
		Release|x86 = Release|x86
	EndGlobalSection
	GlobalSection(ProjectConfigurationPlatforms) = postSolution
		{FBB0277A-A3C9-4980-8B48-CE1284B6BCD5}.Debug|x64.ActiveCfg = Debug|x64
		{FBB0277A-A3C9-4980-8B48-CE1284B6BCD5}.Debug|x64.Build.0 = Debug|x64
		{FBB0277A-A3C9-4980-8B48-CE1284B6BCD5}.Debug|x86.ActiveCfg = Debug|Win32
		{FBB0277A-A3C9-4980-8B48-CE1284B6BCD5}.Debug|x86.Build.0 = Debug|Win32
		{FBB0277A-A3C9-4980-8B48-CE1284B6BCD5}.Release|x64.ActiveCfg = Release|x64
		{FBB0277A-A3C9-4980-8B48-CE1284B6BCD5}.Release|x64.Build.0 = Release|x64
		{FBB0277A-A3C9-4980-8B48-CE1284B6BCD5}.Release|x86.ActiveCfg = Release|Win32
		{FBB0277A-A3C9-4980-8B48-CE1284B6BCD5}.Release|x86.Build.0 = Release|Win32
	EndGlobalSection
	GlobalSection(SolutionProperties) = preSolution
		HideSolutionNode = FALSE
	EndGlobalSection
	GlobalSection(ExtensibilityGlobals) = postSolution
		SolutionGuid = {41A2837A-DB3D-4177-8951-8FE21E0A61D9}
	EndGlobalSection
EndGlobal
